// !$*UTF8*$!
{
	archiveVersion = 1;
	classes = {
	};
	objectVersion = 46;
	objects = {

/* Begin PBXBuildFile section */
		01183FBC1D043F73005C8FE7 /* AppDelegate.swift in Sources */ = {isa = PBXBuildFile; fileRef = 01183FBB1D043F73005C8FE7 /* AppDelegate.swift */; };
		01183FC11D043F73005C8FE7 /* Main.storyboard in Resources */ = {isa = PBXBuildFile; fileRef = 01183FBF1D043F73005C8FE7 /* Main.storyboard */; };
		01183FC31D043F73005C8FE7 /* Assets.xcassets in Resources */ = {isa = PBXBuildFile; fileRef = 01183FC21D043F73005C8FE7 /* Assets.xcassets */; };
		01183FCF1D0445E4005C8FE7 /* AppDelegate.swift in Sources */ = {isa = PBXBuildFile; fileRef = 01183FCE1D0445E4005C8FE7 /* AppDelegate.swift */; };
		01183FD11D0445E4005C8FE7 /* ViewController.swift in Sources */ = {isa = PBXBuildFile; fileRef = 01183FD01D0445E4005C8FE7 /* ViewController.swift */; };
		01183FD41D0445E4005C8FE7 /* Main.storyboard in Resources */ = {isa = PBXBuildFile; fileRef = 01183FD21D0445E4005C8FE7 /* Main.storyboard */; };
		01183FD61D0445E4005C8FE7 /* Assets.xcassets in Resources */ = {isa = PBXBuildFile; fileRef = 01183FD51D0445E4005C8FE7 /* Assets.xcassets */; };
		01183FD91D0445E4005C8FE7 /* LaunchScreen.storyboard in Resources */ = {isa = PBXBuildFile; fileRef = 01183FD71D0445E4005C8FE7 /* LaunchScreen.storyboard */; };
		012002A31D0468350057B27B /* MainViewController.swift in Sources */ = {isa = PBXBuildFile; fileRef = 012002A21D0468350057B27B /* MainViewController.swift */; };
		012002A51D04687C0057B27B /* MercuryInstrument.m in Sources */ = {isa = PBXBuildFile; fileRef = 01B4AD9F1CFA1E6E00A111EB /* MercuryInstrument.m */; };
		012002A61D04687C0057B27B /* MercuryStatus.m in Sources */ = {isa = PBXBuildFile; fileRef = 01B4ADA01CFA1E6E00A111EB /* MercuryStatus.m */; };
		012002A81D04687C0057B27B /* MercuryProcedure.m in Sources */ = {isa = PBXBuildFile; fileRef = 01B4ADA21CFA1E6E00A111EB /* MercuryProcedure.m */; };
		012002A91D04687C0057B27B /* MercuryFile.m in Sources */ = {isa = PBXBuildFile; fileRef = 01B4ADA31CFA1E6E00A111EB /* MercuryFile.m */; };
		012002AB1D04687C0057B27B /* MercuryBroadcastManager.m in Sources */ = {isa = PBXBuildFile; fileRef = 01B4ADA51CFA1E6E00A111EB /* MercuryBroadcastManager.m */; };
		012002AC1D04687C0057B27B /* GCDAsyncUdpSocket.m in Sources */ = {isa = PBXBuildFile; fileRef = 01B4ADA61CFA1E6E00A111EB /* GCDAsyncUdpSocket.m */; };
		012002AF1D04687C0057B27B /* GCDAsyncSocket.m in Sources */ = {isa = PBXBuildFile; fileRef = 01B4ADA91CFA1E6E00A111EB /* GCDAsyncSocket.m */; };
		012002B41D046A750057B27B /* IMercuryPage.swift in Sources */ = {isa = PBXBuildFile; fileRef = 01A0EF841CF5BBD600FB3D2E /* IMercuryPage.swift */; };
		012002B61D0474900057B27B /* MainPage.swift in Sources */ = {isa = PBXBuildFile; fileRef = 012002B51D0474900057B27B /* MainPage.swift */; };
		012002B71D047ACB0057B27B /* SignalsTabbedPage.swift in Sources */ = {isa = PBXBuildFile; fileRef = 01A0EF881CF8EF4500FB3D2E /* SignalsTabbedPage.swift */; };
		012002B81D047D500057B27B /* SignalsPage.swift in Sources */ = {isa = PBXBuildFile; fileRef = 01A0EF8A1CF8EFD800FB3D2E /* SignalsPage.swift */; };
		012002B91D047D500057B27B /* SignalCell.swift in Sources */ = {isa = PBXBuildFile; fileRef = 01B4ADB41CFA2EA700A111EB /* SignalCell.swift */; };
		012002C61D047F0D0057B27B /* ChartPage.swift in Sources */ = {isa = PBXBuildFile; fileRef = 012002C51D047F0D0057B27B /* ChartPage.swift */; };
		016DB8891D04D3CA0086D92F /* AutosamplerCalibrationsPage.swift in Sources */ = {isa = PBXBuildFile; fileRef = 012002C71D04D2060057B27B /* AutosamplerCalibrationsPage.swift */; };
		01A0EF7F1CF52C3400FB3D2E /* MainPage.swift in Sources */ = {isa = PBXBuildFile; fileRef = 01A0EF7E1CF52C3400FB3D2E /* MainPage.swift */; };
		01A0EF811CF5B45900FB3D2E /* AutosamplerPage.swift in Sources */ = {isa = PBXBuildFile; fileRef = 01A0EF801CF5B45900FB3D2E /* AutosamplerPage.swift */; };
		01A0EF831CF5B54C00FB3D2E /* MainViewController.swift in Sources */ = {isa = PBXBuildFile; fileRef = 01A0EF821CF5B54C00FB3D2E /* MainViewController.swift */; };
		01A0EF851CF5BBD600FB3D2E /* IMercuryPage.swift in Sources */ = {isa = PBXBuildFile; fileRef = 01A0EF841CF5BBD600FB3D2E /* IMercuryPage.swift */; };
		01A0EF891CF8EF4500FB3D2E /* SignalsTabbedPage.swift in Sources */ = {isa = PBXBuildFile; fileRef = 01A0EF881CF8EF4500FB3D2E /* SignalsTabbedPage.swift */; };
		01A0EF8B1CF8EFD800FB3D2E /* SignalsPage.swift in Sources */ = {isa = PBXBuildFile; fileRef = 01A0EF8A1CF8EFD800FB3D2E /* SignalsPage.swift */; };
		01B4ADAD1CFA1E6E00A111EB /* MercuryInstrument.m in Sources */ = {isa = PBXBuildFile; fileRef = 01B4AD9F1CFA1E6E00A111EB /* MercuryInstrument.m */; };
		01B4ADAE1CFA1E6E00A111EB /* MercuryStatus.m in Sources */ = {isa = PBXBuildFile; fileRef = 01B4ADA01CFA1E6E00A111EB /* MercuryStatus.m */; };
		01B4ADAF1CFA1E6E00A111EB /* MercuryProcedure.m in Sources */ = {isa = PBXBuildFile; fileRef = 01B4ADA21CFA1E6E00A111EB /* MercuryProcedure.m */; };
		01B4ADB01CFA1E6E00A111EB /* MercuryFile.m in Sources */ = {isa = PBXBuildFile; fileRef = 01B4ADA31CFA1E6E00A111EB /* MercuryFile.m */; };
		01B4ADB11CFA1E6E00A111EB /* MercuryBroadcastManager.m in Sources */ = {isa = PBXBuildFile; fileRef = 01B4ADA51CFA1E6E00A111EB /* MercuryBroadcastManager.m */; };
		01B4ADB21CFA1E6E00A111EB /* GCDAsyncUdpSocket.m in Sources */ = {isa = PBXBuildFile; fileRef = 01B4ADA61CFA1E6E00A111EB /* GCDAsyncUdpSocket.m */; };
		01B4ADB31CFA1E6E00A111EB /* GCDAsyncSocket.m in Sources */ = {isa = PBXBuildFile; fileRef = 01B4ADA91CFA1E6E00A111EB /* GCDAsyncSocket.m */; };
		01B4ADB51CFA2EA700A111EB /* SignalCell.swift in Sources */ = {isa = PBXBuildFile; fileRef = 01B4ADB41CFA2EA700A111EB /* SignalCell.swift */; };
		01B4ADB71CFB17AF00A111EB /* ChartPage.swift in Sources */ = {isa = PBXBuildFile; fileRef = 01B4ADB61CFB17AF00A111EB /* ChartPage.swift */; };
		01B4ADB91CFBA99E00A111EB /* AutosamplerLoadUnloadPage.swift in Sources */ = {isa = PBXBuildFile; fileRef = 01B4ADB81CFBA99E00A111EB /* AutosamplerLoadUnloadPage.swift */; };
		01B4ADC51CFD08C800A111EB /* BEMAverageLine.m in Sources */ = {isa = PBXBuildFile; fileRef = 01B4ADBC1CFD08C800A111EB /* BEMAverageLine.m */; };
		01B4ADC61CFD08C800A111EB /* BEMCircle.m in Sources */ = {isa = PBXBuildFile; fileRef = 01B4ADBE1CFD08C800A111EB /* BEMCircle.m */; };
		01B4ADC71CFD08C800A111EB /* BEMLine.m in Sources */ = {isa = PBXBuildFile; fileRef = 01B4ADC01CFD08C800A111EB /* BEMLine.m */; };
		01B4ADC81CFD08C800A111EB /* BEMPermanentPopupView.m in Sources */ = {isa = PBXBuildFile; fileRef = 01B4ADC21CFD08C800A111EB /* BEMPermanentPopupView.m */; };
		01B4ADC91CFD08C800A111EB /* BEMSimpleLineGraphView.m in Sources */ = {isa = PBXBuildFile; fileRef = 01B4ADC41CFD08C800A111EB /* BEMSimpleLineGraphView.m */; };
		848EBCB21D05E03400CFE0F2 /* SystemInfoPage.swift in Sources */ = {isa = PBXBuildFile; fileRef = 848EBCB11D05E03400CFE0F2 /* SystemInfoPage.swift */; };
		849A12471CF4B70600E30B19 /* AppDelegate.swift in Sources */ = {isa = PBXBuildFile; fileRef = 849A12461CF4B70600E30B19 /* AppDelegate.swift */; };
		849A124C1CF4B70600E30B19 /* Main.storyboard in Resources */ = {isa = PBXBuildFile; fileRef = 849A124A1CF4B70600E30B19 /* Main.storyboard */; };
		849A124E1CF4B70600E30B19 /* Assets.xcassets in Resources */ = {isa = PBXBuildFile; fileRef = 849A124D1CF4B70600E30B19 /* Assets.xcassets */; };
		849A12511CF4B70600E30B19 /* LaunchScreen.storyboard in Resources */ = {isa = PBXBuildFile; fileRef = 849A124F1CF4B70600E30B19 /* LaunchScreen.storyboard */; };
/* End PBXBuildFile section */

/* Begin PBXFileReference section */
		01183FB91D043F73005C8FE7 /* TriosTouchscreenDemoTV.app */ = {isa = PBXFileReference; explicitFileType = wrapper.application; includeInIndex = 0; path = TriosTouchscreenDemoTV.app; sourceTree = BUILT_PRODUCTS_DIR; };
		01183FBB1D043F73005C8FE7 /* AppDelegate.swift */ = {isa = PBXFileReference; lastKnownFileType = sourcecode.swift; path = AppDelegate.swift; sourceTree = "<group>"; };
		01183FC01D043F73005C8FE7 /* Base */ = {isa = PBXFileReference; lastKnownFileType = file.storyboard; name = Base; path = Base.lproj/Main.storyboard; sourceTree = "<group>"; };
		01183FC21D043F73005C8FE7 /* Assets.xcassets */ = {isa = PBXFileReference; lastKnownFileType = folder.assetcatalog; path = Assets.xcassets; sourceTree = "<group>"; };
		01183FC41D043F73005C8FE7 /* Info.plist */ = {isa = PBXFileReference; lastKnownFileType = text.plist.xml; path = Info.plist; sourceTree = "<group>"; };
		01183FCC1D0445E4005C8FE7 /* TriosTouchscreenDemoDMA.app */ = {isa = PBXFileReference; explicitFileType = wrapper.application; includeInIndex = 0; path = TriosTouchscreenDemoDMA.app; sourceTree = BUILT_PRODUCTS_DIR; };
		01183FCE1D0445E4005C8FE7 /* AppDelegate.swift */ = {isa = PBXFileReference; lastKnownFileType = sourcecode.swift; path = AppDelegate.swift; sourceTree = "<group>"; };
		01183FD01D0445E4005C8FE7 /* ViewController.swift */ = {isa = PBXFileReference; lastKnownFileType = sourcecode.swift; path = ViewController.swift; sourceTree = "<group>"; };
		01183FD31D0445E4005C8FE7 /* Base */ = {isa = PBXFileReference; lastKnownFileType = file.storyboard; name = Base; path = Base.lproj/Main.storyboard; sourceTree = "<group>"; };
		01183FD51D0445E4005C8FE7 /* Assets.xcassets */ = {isa = PBXFileReference; lastKnownFileType = folder.assetcatalog; path = Assets.xcassets; sourceTree = "<group>"; };
		01183FD81D0445E4005C8FE7 /* Base */ = {isa = PBXFileReference; lastKnownFileType = file.storyboard; name = Base; path = Base.lproj/LaunchScreen.storyboard; sourceTree = "<group>"; };
		01183FDA1D0445E4005C8FE7 /* Info.plist */ = {isa = PBXFileReference; lastKnownFileType = text.plist.xml; path = Info.plist; sourceTree = "<group>"; };
		012002A21D0468350057B27B /* MainViewController.swift */ = {isa = PBXFileReference; fileEncoding = 4; lastKnownFileType = sourcecode.swift; path = MainViewController.swift; sourceTree = "<group>"; };
		012002B51D0474900057B27B /* MainPage.swift */ = {isa = PBXFileReference; fileEncoding = 4; lastKnownFileType = sourcecode.swift; path = MainPage.swift; sourceTree = "<group>"; };
		012002C51D047F0D0057B27B /* ChartPage.swift */ = {isa = PBXFileReference; fileEncoding = 4; lastKnownFileType = sourcecode.swift; path = ChartPage.swift; sourceTree = "<group>"; };
		012002C71D04D2060057B27B /* AutosamplerCalibrationsPage.swift */ = {isa = PBXFileReference; fileEncoding = 4; lastKnownFileType = sourcecode.swift; path = AutosamplerCalibrationsPage.swift; sourceTree = "<group>"; };
		01A0EF7E1CF52C3400FB3D2E /* MainPage.swift */ = {isa = PBXFileReference; fileEncoding = 4; lastKnownFileType = sourcecode.swift; path = MainPage.swift; sourceTree = "<group>"; };
		01A0EF801CF5B45900FB3D2E /* AutosamplerPage.swift */ = {isa = PBXFileReference; fileEncoding = 4; lastKnownFileType = sourcecode.swift; path = AutosamplerPage.swift; sourceTree = "<group>"; };
		01A0EF821CF5B54C00FB3D2E /* MainViewController.swift */ = {isa = PBXFileReference; fileEncoding = 4; lastKnownFileType = sourcecode.swift; path = MainViewController.swift; sourceTree = "<group>"; };
		01A0EF841CF5BBD600FB3D2E /* IMercuryPage.swift */ = {isa = PBXFileReference; fileEncoding = 4; lastKnownFileType = sourcecode.swift; path = IMercuryPage.swift; sourceTree = "<group>"; };
		01A0EF881CF8EF4500FB3D2E /* SignalsTabbedPage.swift */ = {isa = PBXFileReference; fileEncoding = 4; lastKnownFileType = sourcecode.swift; path = SignalsTabbedPage.swift; sourceTree = "<group>"; };
		01A0EF8A1CF8EFD800FB3D2E /* SignalsPage.swift */ = {isa = PBXFileReference; fileEncoding = 4; lastKnownFileType = sourcecode.swift; path = SignalsPage.swift; sourceTree = "<group>"; };
		01B4AD9E1CFA1E6E00A111EB /* MercuryInstrument.h */ = {isa = PBXFileReference; fileEncoding = 4; lastKnownFileType = sourcecode.c.h; path = MercuryInstrument.h; sourceTree = "<group>"; };
		01B4AD9F1CFA1E6E00A111EB /* MercuryInstrument.m */ = {isa = PBXFileReference; fileEncoding = 4; lastKnownFileType = sourcecode.c.objc; path = MercuryInstrument.m; sourceTree = "<group>"; };
		01B4ADA01CFA1E6E00A111EB /* MercuryStatus.m */ = {isa = PBXFileReference; fileEncoding = 4; lastKnownFileType = sourcecode.c.objc; path = MercuryStatus.m; sourceTree = "<group>"; };
		01B4ADA11CFA1E6E00A111EB /* MercuryStatus.h */ = {isa = PBXFileReference; fileEncoding = 4; lastKnownFileType = sourcecode.c.h; path = MercuryStatus.h; sourceTree = "<group>"; };
		01B4ADA21CFA1E6E00A111EB /* MercuryProcedure.m */ = {isa = PBXFileReference; fileEncoding = 4; lastKnownFileType = sourcecode.c.objc; path = MercuryProcedure.m; sourceTree = "<group>"; };
		01B4ADA31CFA1E6E00A111EB /* MercuryFile.m */ = {isa = PBXFileReference; fileEncoding = 4; lastKnownFileType = sourcecode.c.objc; path = MercuryFile.m; sourceTree = "<group>"; };
		01B4ADA41CFA1E6E00A111EB /* TRIOS_MOBILE-Bridging-Header.h */ = {isa = PBXFileReference; fileEncoding = 4; lastKnownFileType = sourcecode.c.h; path = "TRIOS_MOBILE-Bridging-Header.h"; sourceTree = "<group>"; };
		01B4ADA51CFA1E6E00A111EB /* MercuryBroadcastManager.m */ = {isa = PBXFileReference; fileEncoding = 4; lastKnownFileType = sourcecode.c.objc; path = MercuryBroadcastManager.m; sourceTree = "<group>"; };
		01B4ADA61CFA1E6E00A111EB /* GCDAsyncUdpSocket.m */ = {isa = PBXFileReference; fileEncoding = 4; lastKnownFileType = sourcecode.c.objc; path = GCDAsyncUdpSocket.m; sourceTree = "<group>"; };
		01B4ADA71CFA1E6E00A111EB /* MercuryProcedure.h */ = {isa = PBXFileReference; fileEncoding = 4; lastKnownFileType = sourcecode.c.h; path = MercuryProcedure.h; sourceTree = "<group>"; };
		01B4ADA81CFA1E6E00A111EB /* GCDAsyncSocket.h */ = {isa = PBXFileReference; fileEncoding = 4; lastKnownFileType = sourcecode.c.h; path = GCDAsyncSocket.h; sourceTree = "<group>"; };
		01B4ADA91CFA1E6E00A111EB /* GCDAsyncSocket.m */ = {isa = PBXFileReference; fileEncoding = 4; lastKnownFileType = sourcecode.c.objc; path = GCDAsyncSocket.m; sourceTree = "<group>"; };
		01B4ADAA1CFA1E6E00A111EB /* GCDAsyncUdpSocket.h */ = {isa = PBXFileReference; fileEncoding = 4; lastKnownFileType = sourcecode.c.h; path = GCDAsyncUdpSocket.h; sourceTree = "<group>"; };
		01B4ADAB1CFA1E6E00A111EB /* MercuryBroadcastManager.h */ = {isa = PBXFileReference; fileEncoding = 4; lastKnownFileType = sourcecode.c.h; path = MercuryBroadcastManager.h; sourceTree = "<group>"; };
		01B4ADAC1CFA1E6E00A111EB /* MercuryFile.h */ = {isa = PBXFileReference; fileEncoding = 4; lastKnownFileType = sourcecode.c.h; path = MercuryFile.h; sourceTree = "<group>"; };
		01B4ADB41CFA2EA700A111EB /* SignalCell.swift */ = {isa = PBXFileReference; fileEncoding = 4; lastKnownFileType = sourcecode.swift; path = SignalCell.swift; sourceTree = "<group>"; };
		01B4ADB61CFB17AF00A111EB /* ChartPage.swift */ = {isa = PBXFileReference; fileEncoding = 4; lastKnownFileType = sourcecode.swift; path = ChartPage.swift; sourceTree = "<group>"; };
		01B4ADB81CFBA99E00A111EB /* AutosamplerLoadUnloadPage.swift */ = {isa = PBXFileReference; fileEncoding = 4; lastKnownFileType = sourcecode.swift; path = AutosamplerLoadUnloadPage.swift; sourceTree = "<group>"; };
		01B4ADBB1CFD08C800A111EB /* BEMAverageLine.h */ = {isa = PBXFileReference; fileEncoding = 4; lastKnownFileType = sourcecode.c.h; path = BEMAverageLine.h; sourceTree = "<group>"; };
		01B4ADBC1CFD08C800A111EB /* BEMAverageLine.m */ = {isa = PBXFileReference; fileEncoding = 4; lastKnownFileType = sourcecode.c.objc; path = BEMAverageLine.m; sourceTree = "<group>"; };
		01B4ADBD1CFD08C800A111EB /* BEMCircle.h */ = {isa = PBXFileReference; fileEncoding = 4; lastKnownFileType = sourcecode.c.h; path = BEMCircle.h; sourceTree = "<group>"; };
		01B4ADBE1CFD08C800A111EB /* BEMCircle.m */ = {isa = PBXFileReference; fileEncoding = 4; lastKnownFileType = sourcecode.c.objc; path = BEMCircle.m; sourceTree = "<group>"; };
		01B4ADBF1CFD08C800A111EB /* BEMLine.h */ = {isa = PBXFileReference; fileEncoding = 4; lastKnownFileType = sourcecode.c.h; path = BEMLine.h; sourceTree = "<group>"; };
		01B4ADC01CFD08C800A111EB /* BEMLine.m */ = {isa = PBXFileReference; fileEncoding = 4; lastKnownFileType = sourcecode.c.objc; path = BEMLine.m; sourceTree = "<group>"; };
		01B4ADC11CFD08C800A111EB /* BEMPermanentPopupView.h */ = {isa = PBXFileReference; fileEncoding = 4; lastKnownFileType = sourcecode.c.h; path = BEMPermanentPopupView.h; sourceTree = "<group>"; };
		01B4ADC21CFD08C800A111EB /* BEMPermanentPopupView.m */ = {isa = PBXFileReference; fileEncoding = 4; lastKnownFileType = sourcecode.c.objc; path = BEMPermanentPopupView.m; sourceTree = "<group>"; };
		01B4ADC31CFD08C800A111EB /* BEMSimpleLineGraphView.h */ = {isa = PBXFileReference; fileEncoding = 4; lastKnownFileType = sourcecode.c.h; path = BEMSimpleLineGraphView.h; sourceTree = "<group>"; };
		01B4ADC41CFD08C800A111EB /* BEMSimpleLineGraphView.m */ = {isa = PBXFileReference; fileEncoding = 4; lastKnownFileType = sourcecode.c.objc; path = BEMSimpleLineGraphView.m; sourceTree = "<group>"; };
		848EBCB11D05E03400CFE0F2 /* SystemInfoPage.swift */ = {isa = PBXFileReference; fileEncoding = 4; lastKnownFileType = sourcecode.swift; path = SystemInfoPage.swift; sourceTree = "<group>"; };
		849A12431CF4B70600E30B19 /* TriosTouchscreenDemo.app */ = {isa = PBXFileReference; explicitFileType = wrapper.application; includeInIndex = 0; path = TriosTouchscreenDemo.app; sourceTree = BUILT_PRODUCTS_DIR; };
		849A12461CF4B70600E30B19 /* AppDelegate.swift */ = {isa = PBXFileReference; lastKnownFileType = sourcecode.swift; path = AppDelegate.swift; sourceTree = "<group>"; };
		849A124B1CF4B70600E30B19 /* Base */ = {isa = PBXFileReference; lastKnownFileType = file.storyboard; name = Base; path = Base.lproj/Main.storyboard; sourceTree = "<group>"; };
		849A124D1CF4B70600E30B19 /* Assets.xcassets */ = {isa = PBXFileReference; lastKnownFileType = folder.assetcatalog; path = Assets.xcassets; sourceTree = "<group>"; };
		849A12501CF4B70600E30B19 /* Base */ = {isa = PBXFileReference; lastKnownFileType = file.storyboard; name = Base; path = Base.lproj/LaunchScreen.storyboard; sourceTree = "<group>"; };
		849A12521CF4B70600E30B19 /* Info.plist */ = {isa = PBXFileReference; lastKnownFileType = text.plist.xml; path = Info.plist; sourceTree = "<group>"; };
/* End PBXFileReference section */

/* Begin PBXFrameworksBuildPhase section */
		01183FB61D043F73005C8FE7 /* Frameworks */ = {
			isa = PBXFrameworksBuildPhase;
			buildActionMask = 2147483647;
			files = (
			);
			runOnlyForDeploymentPostprocessing = 0;
		};
		01183FC91D0445E4005C8FE7 /* Frameworks */ = {
			isa = PBXFrameworksBuildPhase;
			buildActionMask = 2147483647;
			files = (
			);
			runOnlyForDeploymentPostprocessing = 0;
		};
		849A12401CF4B70600E30B19 /* Frameworks */ = {
			isa = PBXFrameworksBuildPhase;
			buildActionMask = 2147483647;
			files = (
			);
			runOnlyForDeploymentPostprocessing = 0;
		};
/* End PBXFrameworksBuildPhase section */

/* Begin PBXGroup section */
		01183FBA1D043F73005C8FE7 /* TriosTouchscreenDemoTV */ = {
			isa = PBXGroup;
			children = (
				01183FBB1D043F73005C8FE7 /* AppDelegate.swift */,
				01183FBF1D043F73005C8FE7 /* Main.storyboard */,
				01183FC21D043F73005C8FE7 /* Assets.xcassets */,
				01183FC41D043F73005C8FE7 /* Info.plist */,
				012002A21D0468350057B27B /* MainViewController.swift */,
				012002B51D0474900057B27B /* MainPage.swift */,
				012002C51D047F0D0057B27B /* ChartPage.swift */,
			);
			path = TriosTouchscreenDemoTV;
			sourceTree = "<group>";
		};
		01183FCD1D0445E4005C8FE7 /* TriosTouchscreenDemoDMA */ = {
			isa = PBXGroup;
			children = (
				01183FCE1D0445E4005C8FE7 /* AppDelegate.swift */,
				01183FD01D0445E4005C8FE7 /* ViewController.swift */,
				01183FD21D0445E4005C8FE7 /* Main.storyboard */,
				01183FD51D0445E4005C8FE7 /* Assets.xcassets */,
				01183FD71D0445E4005C8FE7 /* LaunchScreen.storyboard */,
				01183FDA1D0445E4005C8FE7 /* Info.plist */,
			);
			path = TriosTouchscreenDemoDMA;
			sourceTree = "<group>";
		};
		01A0EF7D1CF52C0700FB3D2E /* Controllers */ = {
			isa = PBXGroup;
			children = (
				01A0EF7E1CF52C3400FB3D2E /* MainPage.swift */,
				01A0EF801CF5B45900FB3D2E /* AutosamplerPage.swift */,
				01A0EF821CF5B54C00FB3D2E /* MainViewController.swift */,
				01A0EF841CF5BBD600FB3D2E /* IMercuryPage.swift */,
				01A0EF881CF8EF4500FB3D2E /* SignalsTabbedPage.swift */,
				01A0EF8A1CF8EFD800FB3D2E /* SignalsPage.swift */,
				01B4ADB41CFA2EA700A111EB /* SignalCell.swift */,
				01B4ADB61CFB17AF00A111EB /* ChartPage.swift */,
				01B4ADB81CFBA99E00A111EB /* AutosamplerLoadUnloadPage.swift */,
				012002C71D04D2060057B27B /* AutosamplerCalibrationsPage.swift */,
				848EBCB11D05E03400CFE0F2 /* SystemInfoPage.swift */,
			);
			name = Controllers;
			sourceTree = "<group>";
		};
		01B4AD9D1CFA1E4400A111EB /* MercuryComms */ = {
			isa = PBXGroup;
			children = (
				01B4AD9E1CFA1E6E00A111EB /* MercuryInstrument.h */,
				01B4AD9F1CFA1E6E00A111EB /* MercuryInstrument.m */,
				01B4ADA01CFA1E6E00A111EB /* MercuryStatus.m */,
				01B4ADA11CFA1E6E00A111EB /* MercuryStatus.h */,
				01B4ADA21CFA1E6E00A111EB /* MercuryProcedure.m */,
				01B4ADA31CFA1E6E00A111EB /* MercuryFile.m */,
				01B4ADA41CFA1E6E00A111EB /* TRIOS_MOBILE-Bridging-Header.h */,
				01B4ADA51CFA1E6E00A111EB /* MercuryBroadcastManager.m */,
				01B4ADA61CFA1E6E00A111EB /* GCDAsyncUdpSocket.m */,
				01B4ADA71CFA1E6E00A111EB /* MercuryProcedure.h */,
				01B4ADA81CFA1E6E00A111EB /* GCDAsyncSocket.h */,
				01B4ADA91CFA1E6E00A111EB /* GCDAsyncSocket.m */,
				01B4ADAA1CFA1E6E00A111EB /* GCDAsyncUdpSocket.h */,
				01B4ADAB1CFA1E6E00A111EB /* MercuryBroadcastManager.h */,
				01B4ADAC1CFA1E6E00A111EB /* MercuryFile.h */,
			);
			name = MercuryComms;
			sourceTree = "<group>";
		};
		01B4ADBA1CFD082600A111EB /* Library */ = {
			isa = PBXGroup;
			children = (
				01B4ADBB1CFD08C800A111EB /* BEMAverageLine.h */,
				01B4ADBC1CFD08C800A111EB /* BEMAverageLine.m */,
				01B4ADBD1CFD08C800A111EB /* BEMCircle.h */,
				01B4ADBE1CFD08C800A111EB /* BEMCircle.m */,
				01B4ADBF1CFD08C800A111EB /* BEMLine.h */,
				01B4ADC01CFD08C800A111EB /* BEMLine.m */,
				01B4ADC11CFD08C800A111EB /* BEMPermanentPopupView.h */,
				01B4ADC21CFD08C800A111EB /* BEMPermanentPopupView.m */,
				01B4ADC31CFD08C800A111EB /* BEMSimpleLineGraphView.h */,
				01B4ADC41CFD08C800A111EB /* BEMSimpleLineGraphView.m */,
			);
			name = Library;
			sourceTree = "<group>";
		};
		849A123A1CF4B70600E30B19 = {
			isa = PBXGroup;
			children = (
				01B4ADBA1CFD082600A111EB /* Library */,
				01B4AD9D1CFA1E4400A111EB /* MercuryComms */,
				01A0EF7D1CF52C0700FB3D2E /* Controllers */,
				849A12451CF4B70600E30B19 /* TriosTouchscreenDemo */,
				01183FBA1D043F73005C8FE7 /* TriosTouchscreenDemoTV */,
				01183FCD1D0445E4005C8FE7 /* TriosTouchscreenDemoDMA */,
				849A12441CF4B70600E30B19 /* Products */,
			);
			sourceTree = "<group>";
		};
		849A12441CF4B70600E30B19 /* Products */ = {
			isa = PBXGroup;
			children = (
				849A12431CF4B70600E30B19 /* TriosTouchscreenDemo.app */,
				01183FB91D043F73005C8FE7 /* TriosTouchscreenDemoTV.app */,
				01183FCC1D0445E4005C8FE7 /* TriosTouchscreenDemoDMA.app */,
			);
			name = Products;
			sourceTree = "<group>";
		};
		849A12451CF4B70600E30B19 /* TriosTouchscreenDemo */ = {
			isa = PBXGroup;
			children = (
				849A12461CF4B70600E30B19 /* AppDelegate.swift */,
				849A124A1CF4B70600E30B19 /* Main.storyboard */,
				849A124D1CF4B70600E30B19 /* Assets.xcassets */,
				849A124F1CF4B70600E30B19 /* LaunchScreen.storyboard */,
				849A12521CF4B70600E30B19 /* Info.plist */,
			);
			path = TriosTouchscreenDemo;
			sourceTree = "<group>";
		};
/* End PBXGroup section */

/* Begin PBXNativeTarget section */
		01183FB81D043F73005C8FE7 /* TriosTouchscreenDemoTV */ = {
			isa = PBXNativeTarget;
			buildConfigurationList = 01183FC71D043F73005C8FE7 /* Build configuration list for PBXNativeTarget "TriosTouchscreenDemoTV" */;
			buildPhases = (
				01183FB51D043F73005C8FE7 /* Sources */,
				01183FB61D043F73005C8FE7 /* Frameworks */,
				01183FB71D043F73005C8FE7 /* Resources */,
			);
			buildRules = (
			);
			dependencies = (
			);
			name = TriosTouchscreenDemoTV;
			productName = TriosTouchscreenDemoTV;
			productReference = 01183FB91D043F73005C8FE7 /* TriosTouchscreenDemoTV.app */;
			productType = "com.apple.product-type.application";
		};
		01183FCB1D0445E4005C8FE7 /* TriosTouchscreenDemoDMA */ = {
			isa = PBXNativeTarget;
			buildConfigurationList = 01183FDB1D0445E4005C8FE7 /* Build configuration list for PBXNativeTarget "TriosTouchscreenDemoDMA" */;
			buildPhases = (
				01183FC81D0445E4005C8FE7 /* Sources */,
				01183FC91D0445E4005C8FE7 /* Frameworks */,
				01183FCA1D0445E4005C8FE7 /* Resources */,
			);
			buildRules = (
			);
			dependencies = (
			);
			name = TriosTouchscreenDemoDMA;
			productName = TriosTouchscreenDemoDMA;
			productReference = 01183FCC1D0445E4005C8FE7 /* TriosTouchscreenDemoDMA.app */;
			productType = "com.apple.product-type.application";
		};
		849A12421CF4B70600E30B19 /* TriosTouchscreenDemo */ = {
			isa = PBXNativeTarget;
			buildConfigurationList = 849A12551CF4B70600E30B19 /* Build configuration list for PBXNativeTarget "TriosTouchscreenDemo" */;
			buildPhases = (
				849A123F1CF4B70600E30B19 /* Sources */,
				849A12401CF4B70600E30B19 /* Frameworks */,
				849A12411CF4B70600E30B19 /* Resources */,
			);
			buildRules = (
			);
			dependencies = (
			);
			name = TriosTouchscreenDemo;
			productName = TriosTouchscreenDemo;
			productReference = 849A12431CF4B70600E30B19 /* TriosTouchscreenDemo.app */;
			productType = "com.apple.product-type.application";
		};
/* End PBXNativeTarget section */

/* Begin PBXProject section */
		849A123B1CF4B70600E30B19 /* Project object */ = {
			isa = PBXProject;
			attributes = {
				LastSwiftUpdateCheck = 0730;
				LastUpgradeCheck = 0730;
				ORGANIZATIONNAME = tainstruments.com;
				TargetAttributes = {
					01183FB81D043F73005C8FE7 = {
						CreatedOnToolsVersion = 7.3.1;
						DevelopmentTeam = 6AP8DGBG6H;
					};
					01183FCB1D0445E4005C8FE7 = {
						CreatedOnToolsVersion = 7.3.1;
					};
					849A12421CF4B70600E30B19 = {
						CreatedOnToolsVersion = 7.3.1;
						DevelopmentTeam = 6AP8DGBG6H;
					};
				};
			};
			buildConfigurationList = 849A123E1CF4B70600E30B19 /* Build configuration list for PBXProject "TriosTouchscreenDemo" */;
			compatibilityVersion = "Xcode 3.2";
			developmentRegion = English;
			hasScannedForEncodings = 0;
			knownRegions = (
				en,
				Base,
			);
			mainGroup = 849A123A1CF4B70600E30B19;
			productRefGroup = 849A12441CF4B70600E30B19 /* Products */;
			projectDirPath = "";
			projectRoot = "";
			targets = (
				849A12421CF4B70600E30B19 /* TriosTouchscreenDemo */,
				01183FB81D043F73005C8FE7 /* TriosTouchscreenDemoTV */,
				01183FCB1D0445E4005C8FE7 /* TriosTouchscreenDemoDMA */,
			);
		};
/* End PBXProject section */

/* Begin PBXResourcesBuildPhase section */
		01183FB71D043F73005C8FE7 /* Resources */ = {
			isa = PBXResourcesBuildPhase;
			buildActionMask = 2147483647;
			files = (
				01183FC31D043F73005C8FE7 /* Assets.xcassets in Resources */,
				01183FC11D043F73005C8FE7 /* Main.storyboard in Resources */,
			);
			runOnlyForDeploymentPostprocessing = 0;
		};
		01183FCA1D0445E4005C8FE7 /* Resources */ = {
			isa = PBXResourcesBuildPhase;
			buildActionMask = 2147483647;
			files = (
				01183FD91D0445E4005C8FE7 /* LaunchScreen.storyboard in Resources */,
				01183FD61D0445E4005C8FE7 /* Assets.xcassets in Resources */,
				01183FD41D0445E4005C8FE7 /* Main.storyboard in Resources */,
			);
			runOnlyForDeploymentPostprocessing = 0;
		};
		849A12411CF4B70600E30B19 /* Resources */ = {
			isa = PBXResourcesBuildPhase;
			buildActionMask = 2147483647;
			files = (
				849A12511CF4B70600E30B19 /* LaunchScreen.storyboard in Resources */,
				849A124E1CF4B70600E30B19 /* Assets.xcassets in Resources */,
				849A124C1CF4B70600E30B19 /* Main.storyboard in Resources */,
			);
			runOnlyForDeploymentPostprocessing = 0;
		};
/* End PBXResourcesBuildPhase section */

/* Begin PBXSourcesBuildPhase section */
		01183FB51D043F73005C8FE7 /* Sources */ = {
			isa = PBXSourcesBuildPhase;
			buildActionMask = 2147483647;
			files = (
				012002B81D047D500057B27B /* SignalsPage.swift in Sources */,
				012002B91D047D500057B27B /* SignalCell.swift in Sources */,
				012002B71D047ACB0057B27B /* SignalsTabbedPage.swift in Sources */,
				012002C61D047F0D0057B27B /* ChartPage.swift in Sources */,
				012002B41D046A750057B27B /* IMercuryPage.swift in Sources */,
				012002A51D04687C0057B27B /* MercuryInstrument.m in Sources */,
				012002A61D04687C0057B27B /* MercuryStatus.m in Sources */,
				012002A81D04687C0057B27B /* MercuryProcedure.m in Sources */,
				012002A91D04687C0057B27B /* MercuryFile.m in Sources */,
				012002AB1D04687C0057B27B /* MercuryBroadcastManager.m in Sources */,
				012002AC1D04687C0057B27B /* GCDAsyncUdpSocket.m in Sources */,
				012002AF1D04687C0057B27B /* GCDAsyncSocket.m in Sources */,
				01183FBC1D043F73005C8FE7 /* AppDelegate.swift in Sources */,
				012002A31D0468350057B27B /* MainViewController.swift in Sources */,
				012002B61D0474900057B27B /* MainPage.swift in Sources */,
			);
			runOnlyForDeploymentPostprocessing = 0;
		};
		01183FC81D0445E4005C8FE7 /* Sources */ = {
			isa = PBXSourcesBuildPhase;
			buildActionMask = 2147483647;
			files = (
				01183FD11D0445E4005C8FE7 /* ViewController.swift in Sources */,
				01183FCF1D0445E4005C8FE7 /* AppDelegate.swift in Sources */,
			);
			runOnlyForDeploymentPostprocessing = 0;
		};
		849A123F1CF4B70600E30B19 /* Sources */ = {
			isa = PBXSourcesBuildPhase;
			buildActionMask = 2147483647;
			files = (
				016DB8891D04D3CA0086D92F /* AutosamplerCalibrationsPage.swift in Sources */,
				01B4ADC91CFD08C800A111EB /* BEMSimpleLineGraphView.m in Sources */,
				01B4ADC81CFD08C800A111EB /* BEMPermanentPopupView.m in Sources */,
				01B4ADC71CFD08C800A111EB /* BEMLine.m in Sources */,
				01A0EF891CF8EF4500FB3D2E /* SignalsTabbedPage.swift in Sources */,
				848EBCB21D05E03400CFE0F2 /* SystemInfoPage.swift in Sources */,
				849A12471CF4B70600E30B19 /* AppDelegate.swift in Sources */,
				01A0EF8B1CF8EFD800FB3D2E /* SignalsPage.swift in Sources */,
				01B4ADAF1CFA1E6E00A111EB /* MercuryProcedure.m in Sources */,
				01B4ADB51CFA2EA700A111EB /* SignalCell.swift in Sources */,
				01A0EF851CF5BBD600FB3D2E /* IMercuryPage.swift in Sources */,
				01A0EF811CF5B45900FB3D2E /* AutosamplerPage.swift in Sources */,
				01A0EF7F1CF52C3400FB3D2E /* MainPage.swift in Sources */,
				01B4ADB01CFA1E6E00A111EB /* MercuryFile.m in Sources */,
				01B4ADB71CFB17AF00A111EB /* ChartPage.swift in Sources */,
				01B4ADAD1CFA1E6E00A111EB /* MercuryInstrument.m in Sources */,
				01B4ADB11CFA1E6E00A111EB /* MercuryBroadcastManager.m in Sources */,
				01A0EF831CF5B54C00FB3D2E /* MainViewController.swift in Sources */,
				01B4ADB21CFA1E6E00A111EB /* GCDAsyncUdpSocket.m in Sources */,
				01B4ADB31CFA1E6E00A111EB /* GCDAsyncSocket.m in Sources */,
				01B4ADAE1CFA1E6E00A111EB /* MercuryStatus.m in Sources */,
				01B4ADC51CFD08C800A111EB /* BEMAverageLine.m in Sources */,
				01B4ADB91CFBA99E00A111EB /* AutosamplerLoadUnloadPage.swift in Sources */,
				01B4ADC61CFD08C800A111EB /* BEMCircle.m in Sources */,
			);
			runOnlyForDeploymentPostprocessing = 0;
		};
/* End PBXSourcesBuildPhase section */

/* Begin PBXVariantGroup section */
		01183FBF1D043F73005C8FE7 /* Main.storyboard */ = {
			isa = PBXVariantGroup;
			children = (
				01183FC01D043F73005C8FE7 /* Base */,
			);
			name = Main.storyboard;
			sourceTree = "<group>";
		};
		01183FD21D0445E4005C8FE7 /* Main.storyboard */ = {
			isa = PBXVariantGroup;
			children = (
				01183FD31D0445E4005C8FE7 /* Base */,
			);
			name = Main.storyboard;
			sourceTree = "<group>";
		};
		01183FD71D0445E4005C8FE7 /* LaunchScreen.storyboard */ = {
			isa = PBXVariantGroup;
			children = (
				01183FD81D0445E4005C8FE7 /* Base */,
			);
			name = LaunchScreen.storyboard;
			sourceTree = "<group>";
		};
		849A124A1CF4B70600E30B19 /* Main.storyboard */ = {
			isa = PBXVariantGroup;
			children = (
				849A124B1CF4B70600E30B19 /* Base */,
			);
			name = Main.storyboard;
			sourceTree = "<group>";
		};
		849A124F1CF4B70600E30B19 /* LaunchScreen.storyboard */ = {
			isa = PBXVariantGroup;
			children = (
				849A12501CF4B70600E30B19 /* Base */,
			);
			name = LaunchScreen.storyboard;
			sourceTree = "<group>";
		};
/* End PBXVariantGroup section */

/* Begin XCBuildConfiguration section */
		01183FC51D043F73005C8FE7 /* Debug */ = {
			isa = XCBuildConfiguration;
			buildSettings = {
				ASSETCATALOG_COMPILER_APPICON_NAME = "App Icon & Top Shelf Image";
				ASSETCATALOG_COMPILER_LAUNCHIMAGE_NAME = LaunchImage;
				CODE_SIGN_IDENTITY = "iPhone Developer";
				"CODE_SIGN_IDENTITY[sdk=appletvos*]" = "iPhone Developer";
				INFOPLIST_FILE = TriosTouchscreenDemoTV/Info.plist;
				LD_RUNPATH_SEARCH_PATHS = "$(inherited) @executable_path/Frameworks";
				PRODUCT_BUNDLE_IDENTIFIER = com.objectthink.TriosTouchscreenDemoTV;
				PRODUCT_NAME = "$(TARGET_NAME)";
				PROVISIONING_PROFILE = "";
				SDKROOT = appletvos;
				SWIFT_OBJC_BRIDGING_HEADER = "TRIOS_MOBILE-Bridging-Header.h";
				TARGETED_DEVICE_FAMILY = 3;
				TVOS_DEPLOYMENT_TARGET = 9.2;
			};
			name = Debug;
		};
		01183FC61D043F73005C8FE7 /* Release */ = {
			isa = XCBuildConfiguration;
			buildSettings = {
				ASSETCATALOG_COMPILER_APPICON_NAME = "App Icon & Top Shelf Image";
				ASSETCATALOG_COMPILER_LAUNCHIMAGE_NAME = LaunchImage;
				CODE_SIGN_IDENTITY = "iPhone Developer";
				"CODE_SIGN_IDENTITY[sdk=appletvos*]" = "iPhone Developer";
				INFOPLIST_FILE = TriosTouchscreenDemoTV/Info.plist;
				LD_RUNPATH_SEARCH_PATHS = "$(inherited) @executable_path/Frameworks";
				PRODUCT_BUNDLE_IDENTIFIER = com.objectthink.TriosTouchscreenDemoTV;
				PRODUCT_NAME = "$(TARGET_NAME)";
				PROVISIONING_PROFILE = "";
				SDKROOT = appletvos;
				SWIFT_OBJC_BRIDGING_HEADER = "TRIOS_MOBILE-Bridging-Header.h";
				TARGETED_DEVICE_FAMILY = 3;
				TVOS_DEPLOYMENT_TARGET = 9.2;
			};
			name = Release;
		};
		01183FDC1D0445E4005C8FE7 /* Debug */ = {
			isa = XCBuildConfiguration;
			buildSettings = {
				ASSETCATALOG_COMPILER_APPICON_NAME = AppIcon;
				INFOPLIST_FILE = TriosTouchscreenDemoDMA/Info.plist;
				LD_RUNPATH_SEARCH_PATHS = "$(inherited) @executable_path/Frameworks";
				PRODUCT_BUNDLE_IDENTIFIER = com.objectthink.TriosTouchscreenDemoDMA;
				PRODUCT_NAME = "$(TARGET_NAME)";
				TARGETED_DEVICE_FAMILY = 2;
			};
			name = Debug;
		};
		01183FDD1D0445E4005C8FE7 /* Release */ = {
			isa = XCBuildConfiguration;
			buildSettings = {
				ASSETCATALOG_COMPILER_APPICON_NAME = AppIcon;
				INFOPLIST_FILE = TriosTouchscreenDemoDMA/Info.plist;
				LD_RUNPATH_SEARCH_PATHS = "$(inherited) @executable_path/Frameworks";
				PRODUCT_BUNDLE_IDENTIFIER = com.objectthink.TriosTouchscreenDemoDMA;
				PRODUCT_NAME = "$(TARGET_NAME)";
				TARGETED_DEVICE_FAMILY = 2;
			};
			name = Release;
		};
		849A12531CF4B70600E30B19 /* Debug */ = {
			isa = XCBuildConfiguration;
			buildSettings = {
				ALWAYS_SEARCH_USER_PATHS = NO;
				CLANG_ANALYZER_NONNULL = YES;
				CLANG_CXX_LANGUAGE_STANDARD = "gnu++0x";
				CLANG_CXX_LIBRARY = "libc++";
				CLANG_ENABLE_MODULES = YES;
				CLANG_ENABLE_OBJC_ARC = YES;
				CLANG_WARN_BOOL_CONVERSION = YES;
				CLANG_WARN_CONSTANT_CONVERSION = YES;
				CLANG_WARN_DIRECT_OBJC_ISA_USAGE = YES_ERROR;
				CLANG_WARN_EMPTY_BODY = YES;
				CLANG_WARN_ENUM_CONVERSION = YES;
				CLANG_WARN_INT_CONVERSION = YES;
				CLANG_WARN_OBJC_ROOT_CLASS = YES_ERROR;
				CLANG_WARN_UNREACHABLE_CODE = YES;
				CLANG_WARN__DUPLICATE_METHOD_MATCH = YES;
				"CODE_SIGN_IDENTITY[sdk=iphoneos*]" = "iPhone Developer";
				COPY_PHASE_STRIP = NO;
				DEBUG_INFORMATION_FORMAT = dwarf;
				ENABLE_STRICT_OBJC_MSGSEND = YES;
				ENABLE_TESTABILITY = YES;
				GCC_C_LANGUAGE_STANDARD = gnu99;
				GCC_DYNAMIC_NO_PIC = NO;
				GCC_NO_COMMON_BLOCKS = YES;
				GCC_OPTIMIZATION_LEVEL = 0;
				GCC_PREPROCESSOR_DEFINITIONS = (
					"DEBUG=1",
					"$(inherited)",
				);
				GCC_WARN_64_TO_32_BIT_CONVERSION = YES;
				GCC_WARN_ABOUT_RETURN_TYPE = YES_ERROR;
				GCC_WARN_UNDECLARED_SELECTOR = YES;
				GCC_WARN_UNINITIALIZED_AUTOS = YES_AGGRESSIVE;
				GCC_WARN_UNUSED_FUNCTION = YES;
				GCC_WARN_UNUSED_VARIABLE = YES;
				IPHONEOS_DEPLOYMENT_TARGET = 9.3;
				MTL_ENABLE_DEBUG_INFO = YES;
				ONLY_ACTIVE_ARCH = YES;
				SDKROOT = iphoneos;
				SWIFT_OPTIMIZATION_LEVEL = "-Onone";
				TARGETED_DEVICE_FAMILY = "1,2";
			};
			name = Debug;
		};
		849A12541CF4B70600E30B19 /* Release */ = {
			isa = XCBuildConfiguration;
			buildSettings = {
				ALWAYS_SEARCH_USER_PATHS = NO;
				CLANG_ANALYZER_NONNULL = YES;
				CLANG_CXX_LANGUAGE_STANDARD = "gnu++0x";
				CLANG_CXX_LIBRARY = "libc++";
				CLANG_ENABLE_MODULES = YES;
				CLANG_ENABLE_OBJC_ARC = YES;
				CLANG_WARN_BOOL_CONVERSION = YES;
				CLANG_WARN_CONSTANT_CONVERSION = YES;
				CLANG_WARN_DIRECT_OBJC_ISA_USAGE = YES_ERROR;
				CLANG_WARN_EMPTY_BODY = YES;
				CLANG_WARN_ENUM_CONVERSION = YES;
				CLANG_WARN_INT_CONVERSION = YES;
				CLANG_WARN_OBJC_ROOT_CLASS = YES_ERROR;
				CLANG_WARN_UNREACHABLE_CODE = YES;
				CLANG_WARN__DUPLICATE_METHOD_MATCH = YES;
				"CODE_SIGN_IDENTITY[sdk=iphoneos*]" = "iPhone Developer";
				COPY_PHASE_STRIP = NO;
				DEBUG_INFORMATION_FORMAT = "dwarf-with-dsym";
				ENABLE_NS_ASSERTIONS = NO;
				ENABLE_STRICT_OBJC_MSGSEND = YES;
				GCC_C_LANGUAGE_STANDARD = gnu99;
				GCC_NO_COMMON_BLOCKS = YES;
				GCC_WARN_64_TO_32_BIT_CONVERSION = YES;
				GCC_WARN_ABOUT_RETURN_TYPE = YES_ERROR;
				GCC_WARN_UNDECLARED_SELECTOR = YES;
				GCC_WARN_UNINITIALIZED_AUTOS = YES_AGGRESSIVE;
				GCC_WARN_UNUSED_FUNCTION = YES;
				GCC_WARN_UNUSED_VARIABLE = YES;
				IPHONEOS_DEPLOYMENT_TARGET = 9.3;
				MTL_ENABLE_DEBUG_INFO = NO;
				SDKROOT = iphoneos;
				TARGETED_DEVICE_FAMILY = "1,2";
				VALIDATE_PRODUCT = YES;
			};
			name = Release;
		};
		849A12561CF4B70600E30B19 /* Debug */ = {
			isa = XCBuildConfiguration;
			buildSettings = {
				ASSETCATALOG_COMPILER_APPICON_NAME = AppIcon;
				CODE_SIGN_IDENTITY = "iPhone Developer";
				"CODE_SIGN_IDENTITY[sdk=iphoneos*]" = "iPhone Developer";
				FRAMEWORK_SEARCH_PATHS = (
					"$(inherited)",
					"$(PROJECT_DIR)",
				);
				INFOPLIST_FILE = TriosTouchscreenDemo/Info.plist;
				LD_RUNPATH_SEARCH_PATHS = "$(inherited) @executable_path/Frameworks";
				PRODUCT_BUNDLE_IDENTIFIER = com.tainstruments.triostouchscreen.TriosTouchscreenDemo;
				PRODUCT_NAME = "$(TARGET_NAME)";
				PROVISIONING_PROFILE = "";
				SWIFT_OBJC_BRIDGING_HEADER = "TRIOS_MOBILE-Bridging-Header.h";
			};
			name = Debug;
		};
		849A12571CF4B70600E30B19 /* Release */ = {
			isa = XCBuildConfiguration;
			buildSettings = {
				ASSETCATALOG_COMPILER_APPICON_NAME = AppIcon;
				CODE_SIGN_IDENTITY = "iPhone Developer";
				"CODE_SIGN_IDENTITY[sdk=iphoneos*]" = "iPhone Developer";
				FRAMEWORK_SEARCH_PATHS = (
					"$(inherited)",
					"$(PROJECT_DIR)",
				);
				INFOPLIST_FILE = TriosTouchscreenDemo/Info.plist;
				LD_RUNPATH_SEARCH_PATHS = "$(inherited) @executable_path/Frameworks";
				PRODUCT_BUNDLE_IDENTIFIER = com.tainstruments.triostouchscreen.TriosTouchscreenDemo;
				PRODUCT_NAME = "$(TARGET_NAME)";
				PROVISIONING_PROFILE = "";
				SWIFT_OBJC_BRIDGING_HEADER = "TRIOS_MOBILE-Bridging-Header.h";
			};
			name = Release;
		};
/* End XCBuildConfiguration section */

/* Begin XCConfigurationList section */
		01183FC71D043F73005C8FE7 /* Build configuration list for PBXNativeTarget "TriosTouchscreenDemoTV" */ = {
			isa = XCConfigurationList;
			buildConfigurations = (
				01183FC51D043F73005C8FE7 /* Debug */,
				01183FC61D043F73005C8FE7 /* Release */,
			);
			defaultConfigurationIsVisible = 0;
			defaultConfigurationName = Release;
		};
		01183FDB1D0445E4005C8FE7 /* Build configuration list for PBXNativeTarget "TriosTouchscreenDemoDMA" */ = {
			isa = XCConfigurationList;
			buildConfigurations = (
				01183FDC1D0445E4005C8FE7 /* Debug */,
				01183FDD1D0445E4005C8FE7 /* Release */,
			);
			defaultConfigurationIsVisible = 0;
			defaultConfigurationName = Release;
		};
		849A123E1CF4B70600E30B19 /* Build configuration list for PBXProject "TriosTouchscreenDemo" */ = {
			isa = XCConfigurationList;
			buildConfigurations = (
				849A12531CF4B70600E30B19 /* Debug */,
				849A12541CF4B70600E30B19 /* Release */,
			);
			defaultConfigurationIsVisible = 0;
			defaultConfigurationName = Release;
		};
		849A12551CF4B70600E30B19 /* Build configuration list for PBXNativeTarget "TriosTouchscreenDemo" */ = {
			isa = XCConfigurationList;
			buildConfigurations = (
				849A12561CF4B70600E30B19 /* Debug */,
				849A12571CF4B70600E30B19 /* Release */,
			);
			defaultConfigurationIsVisible = 0;
			defaultConfigurationName = Release;
		};
/* End XCConfigurationList section */
	};
	rootObject = 849A123B1CF4B70600E30B19 /* Project object */;
}
